
Microsoft Visual Studio Solution File, Format Version 12.00
# Visual Studio Version 17
VisualStudioVersion = 17.4.33213.308
MinimumVisualStudioVersion = 10.0.40219.1
Project("{FAE04EC0-301F-11D3-BF4B-00C04F79EFBC}") = "Prueba1", "Prueba1\Prueba1.csproj", "{1997EFA5-1DE2-4921-8AB0-ABF0141A264E}"
EndProject
Global
	GlobalSection(SolutionConfigurationPlatforms) = preSolution
		Debug|Any CPU = Debug|Any CPU
		Release|Any CPU = Release|Any CPU
	EndGlobalSection
	GlobalSection(ProjectConfigurationPlatforms) = postSolution
		{1997EFA5-1DE2-4921-8AB0-ABF0141A264E}.Debug|Any CPU.ActiveCfg = Debug|Any CPU
		{1997EFA5-1DE2-4921-8AB0-ABF0141A264E}.Debug|Any CPU.Build.0 = Debug|Any CPU
		{1997EFA5-1DE2-4921-8AB0-ABF0141A264E}.Release|Any CPU.ActiveCfg = Release|Any CPU
		{1997EFA5-1DE2-4921-8AB0-ABF0141A264E}.Release|Any CPU.Build.0 = Release|Any CPU
	EndGlobalSection
	GlobalSection(SolutionProperties) = preSolution
		HideSolutionNode = FALSE
	EndGlobalSection
	GlobalSection(ExtensibilityGlobals) = postSolution
		SolutionGuid = {894D46D6-6A7E-4F13-B60A-BFD2A435C74D}
	EndGlobalSection
EndGlobal
